// !$*UTF8*$!
{
	archiveVersion = 1;
	classes = {
	};
	objectVersion = 50;
	objects = {

/* Begin PBXBuildFile section */
		5402996426C6F92A00B1FFAB /* CommonLogic.framework in Frameworks */ = {isa = PBXBuildFile; fileRef = 5402996326C6F92A00B1FFAB /* CommonLogic.framework */; };
		5402996526C6F92A00B1FFAB /* CommonLogic.framework in Embed Frameworks */ = {isa = PBXBuildFile; fileRef = 5402996326C6F92A00B1FFAB /* CommonLogic.framework */; settings = {ATTRIBUTES = (CodeSignOnCopy, RemoveHeadersOnCopy, ); }; };
		5402996826C6F94200B1FFAB /* UserProvider.framework in Frameworks */ = {isa = PBXBuildFile; fileRef = 5402996726C6F94200B1FFAB /* UserProvider.framework */; };
		5402996926C6F94200B1FFAB /* UserProvider.framework in Embed Frameworks */ = {isa = PBXBuildFile; fileRef = 5402996726C6F94200B1FFAB /* UserProvider.framework */; settings = {ATTRIBUTES = (CodeSignOnCopy, RemoveHeadersOnCopy, ); }; };
		5402996B26C6F94600B1FFAB /* AdminProvider.framework in Frameworks */ = {isa = PBXBuildFile; fileRef = 5402996A26C6F94600B1FFAB /* AdminProvider.framework */; };
		5402996C26C6F94600B1FFAB /* AdminProvider.framework in Embed Frameworks */ = {isa = PBXBuildFile; fileRef = 5402996A26C6F94600B1FFAB /* AdminProvider.framework */; settings = {ATTRIBUTES = (CodeSignOnCopy, RemoveHeadersOnCopy, ); }; };
		542DD34D26C712B800414A35 /* UserDetailsViewController.swift in Sources */ = {isa = PBXBuildFile; fileRef = 542DD34C26C712B800414A35 /* UserDetailsViewController.swift */; };
		54EEDBD326C5ACAF00B78429 /* AppDelegate.swift in Sources */ = {isa = PBXBuildFile; fileRef = 54EEDBD226C5ACAF00B78429 /* AppDelegate.swift */; };
		54EEDBD526C5ACAF00B78429 /* SceneDelegate.swift in Sources */ = {isa = PBXBuildFile; fileRef = 54EEDBD426C5ACAF00B78429 /* SceneDelegate.swift */; };
		54EEDBD726C5ACAF00B78429 /* ViewController.swift in Sources */ = {isa = PBXBuildFile; fileRef = 54EEDBD626C5ACAF00B78429 /* ViewController.swift */; };
		54EEDBDA26C5ACAF00B78429 /* Main.storyboard in Resources */ = {isa = PBXBuildFile; fileRef = 54EEDBD826C5ACAF00B78429 /* Main.storyboard */; };
		54EEDBDC26C5ACB200B78429 /* Assets.xcassets in Resources */ = {isa = PBXBuildFile; fileRef = 54EEDBDB26C5ACB200B78429 /* Assets.xcassets */; };
		54EEDBDF26C5ACB200B78429 /* LaunchScreen.storyboard in Resources */ = {isa = PBXBuildFile; fileRef = 54EEDBDD26C5ACB200B78429 /* LaunchScreen.storyboard */; };
/* End PBXBuildFile section */

/* Begin PBXCopyFilesBuildPhase section */
		5402996626C6F92A00B1FFAB /* Embed Frameworks */ = {
			isa = PBXCopyFilesBuildPhase;
			buildActionMask = 2147483647;
			dstPath = "";
			dstSubfolderSpec = 10;
			files = (
				5402996C26C6F94600B1FFAB /* AdminProvider.framework in Embed Frameworks */,
				5402996926C6F94200B1FFAB /* UserProvider.framework in Embed Frameworks */,
				5402996526C6F92A00B1FFAB /* CommonLogic.framework in Embed Frameworks */,
			);
			name = "Embed Frameworks";
			runOnlyForDeploymentPostprocessing = 0;
		};
/* End PBXCopyFilesBuildPhase section */

/* Begin PBXFileReference section */
		5402996326C6F92A00B1FFAB /* CommonLogic.framework */ = {isa = PBXFileReference; explicitFileType = wrapper.framework; path = CommonLogic.framework; sourceTree = BUILT_PRODUCTS_DIR; };
		5402996726C6F94200B1FFAB /* UserProvider.framework */ = {isa = PBXFileReference; explicitFileType = wrapper.framework; path = UserProvider.framework; sourceTree = BUILT_PRODUCTS_DIR; };
		5402996A26C6F94600B1FFAB /* AdminProvider.framework */ = {isa = PBXFileReference; explicitFileType = wrapper.framework; path = AdminProvider.framework; sourceTree = BUILT_PRODUCTS_DIR; };
		542DD34C26C712B800414A35 /* UserDetailsViewController.swift */ = {isa = PBXFileReference; lastKnownFileType = sourcecode.swift; path = UserDetailsViewController.swift; sourceTree = "<group>"; };
		54EEDBCF26C5ACAF00B78429 /* UsersDisplay.app */ = {isa = PBXFileReference; explicitFileType = wrapper.application; includeInIndex = 0; path = UsersDisplay.app; sourceTree = BUILT_PRODUCTS_DIR; };
		54EEDBD226C5ACAF00B78429 /* AppDelegate.swift */ = {isa = PBXFileReference; lastKnownFileType = sourcecode.swift; path = AppDelegate.swift; sourceTree = "<group>"; };
		54EEDBD426C5ACAF00B78429 /* SceneDelegate.swift */ = {isa = PBXFileReference; lastKnownFileType = sourcecode.swift; path = SceneDelegate.swift; sourceTree = "<group>"; };
		54EEDBD626C5ACAF00B78429 /* ViewController.swift */ = {isa = PBXFileReference; lastKnownFileType = sourcecode.swift; path = ViewController.swift; sourceTree = "<group>"; };
		54EEDBD926C5ACAF00B78429 /* Base */ = {isa = PBXFileReference; lastKnownFileType = file.storyboard; name = Base; path = Base.lproj/Main.storyboard; sourceTree = "<group>"; };
		54EEDBDB26C5ACB200B78429 /* Assets.xcassets */ = {isa = PBXFileReference; lastKnownFileType = folder.assetcatalog; path = Assets.xcassets; sourceTree = "<group>"; };
		54EEDBDE26C5ACB200B78429 /* Base */ = {isa = PBXFileReference; lastKnownFileType = file.storyboard; name = Base; path = Base.lproj/LaunchScreen.storyboard; sourceTree = "<group>"; };
		54EEDBE026C5ACB200B78429 /* Info.plist */ = {isa = PBXFileReference; lastKnownFileType = text.plist.xml; path = Info.plist; sourceTree = "<group>"; };
/* End PBXFileReference section */

/* Begin PBXFrameworksBuildPhase section */
		54EEDBCC26C5ACAF00B78429 /* Frameworks */ = {
			isa = PBXFrameworksBuildPhase;
			buildActionMask = 2147483647;
			files = (
				5402996B26C6F94600B1FFAB /* AdminProvider.framework in Frameworks */,
				5402996826C6F94200B1FFAB /* UserProvider.framework in Frameworks */,
				5402996426C6F92A00B1FFAB /* CommonLogic.framework in Frameworks */,
			);
			runOnlyForDeploymentPostprocessing = 0;
		};
/* End PBXFrameworksBuildPhase section */

/* Begin PBXGroup section */
		5402996226C6F92A00B1FFAB /* Frameworks */ = {
			isa = PBXGroup;
			children = (
				5402996A26C6F94600B1FFAB /* AdminProvider.framework */,
				5402996726C6F94200B1FFAB /* UserProvider.framework */,
				5402996326C6F92A00B1FFAB /* CommonLogic.framework */,
			);
			name = Frameworks;
			sourceTree = "<group>";
		};
		54EEDBC626C5ACAF00B78429 = {
			isa = PBXGroup;
			children = (
				54EEDBD126C5ACAF00B78429 /* UsersDisplay */,
				54EEDBD026C5ACAF00B78429 /* Products */,
				5402996226C6F92A00B1FFAB /* Frameworks */,
			);
			sourceTree = "<group>";
		};
		54EEDBD026C5ACAF00B78429 /* Products */ = {
			isa = PBXGroup;
			children = (
				54EEDBCF26C5ACAF00B78429 /* UsersDisplay.app */,
			);
			name = Products;
			sourceTree = "<group>";
		};
		54EEDBD126C5ACAF00B78429 /* UsersDisplay */ = {
			isa = PBXGroup;
			children = (
				54EEDBD226C5ACAF00B78429 /* AppDelegate.swift */,
				54EEDBD426C5ACAF00B78429 /* SceneDelegate.swift */,
				54EEDBD626C5ACAF00B78429 /* ViewController.swift */,
				54EEDBD826C5ACAF00B78429 /* Main.storyboard */,
				54EEDBDB26C5ACB200B78429 /* Assets.xcassets */,
				54EEDBDD26C5ACB200B78429 /* LaunchScreen.storyboard */,
				54EEDBE026C5ACB200B78429 /* Info.plist */,
				542DD34C26C712B800414A35 /* UserDetailsViewController.swift */,
			);
			path = UsersDisplay;
			sourceTree = "<group>";
		};
/* End PBXGroup section */

/* Begin PBXNativeTarget section */
		54EEDBCE26C5ACAF00B78429 /* UsersDisplay */ = {
			isa = PBXNativeTarget;
			buildConfigurationList = 54EEDBE326C5ACB200B78429 /* Build configuration list for PBXNativeTarget "UsersDisplay" */;
			buildPhases = (
				54EEDBCB26C5ACAF00B78429 /* Sources */,
				54EEDBCC26C5ACAF00B78429 /* Frameworks */,
				54EEDBCD26C5ACAF00B78429 /* Resources */,
				5402996626C6F92A00B1FFAB /* Embed Frameworks */,
			);
			buildRules = (
			);
			dependencies = (
			);
			name = UsersDisplay;
			productName = UsersDisplay;
			productReference = 54EEDBCF26C5ACAF00B78429 /* UsersDisplay.app */;
			productType = "com.apple.product-type.application";
		};
/* End PBXNativeTarget section */

/* Begin PBXProject section */
		54EEDBC726C5ACAF00B78429 /* Project object */ = {
			isa = PBXProject;
			attributes = {
				LastSwiftUpdateCheck = 1250;
				LastUpgradeCheck = 1250;
				TargetAttributes = {
					54EEDBCE26C5ACAF00B78429 = {
						CreatedOnToolsVersion = 12.5.1;
					};
				};
			};
			buildConfigurationList = 54EEDBCA26C5ACAF00B78429 /* Build configuration list for PBXProject "UsersDisplay" */;
			compatibilityVersion = "Xcode 9.3";
			developmentRegion = en;
			hasScannedForEncodings = 0;
			knownRegions = (
				en,
				Base,
			);
			mainGroup = 54EEDBC626C5ACAF00B78429;
			productRefGroup = 54EEDBD026C5ACAF00B78429 /* Products */;
			projectDirPath = "";
			projectRoot = "";
			targets = (
				54EEDBCE26C5ACAF00B78429 /* UsersDisplay */,
			);
		};
/* End PBXProject section */

/* Begin PBXResourcesBuildPhase section */
		54EEDBCD26C5ACAF00B78429 /* Resources */ = {
			isa = PBXResourcesBuildPhase;
			buildActionMask = 2147483647;
			files = (
				54EEDBDF26C5ACB200B78429 /* LaunchScreen.storyboard in Resources */,
				54EEDBDC26C5ACB200B78429 /* Assets.xcassets in Resources */,
				54EEDBDA26C5ACAF00B78429 /* Main.storyboard in Resources */,
			);
			runOnlyForDeploymentPostprocessing = 0;
		};
/* End PBXResourcesBuildPhase section */

/* Begin PBXSourcesBuildPhase section */
		54EEDBCB26C5ACAF00B78429 /* Sources */ = {
			isa = PBXSourcesBuildPhase;
			buildActionMask = 2147483647;
			files = (
				54EEDBD726C5ACAF00B78429 /* ViewController.swift in Sources */,
				54EEDBD326C5ACAF00B78429 /* AppDelegate.swift in Sources */,
				542DD34D26C712B800414A35 /* UserDetailsViewController.swift in Sources */,
				54EEDBD526C5ACAF00B78429 /* SceneDelegate.swift in Sources */,
			);
			runOnlyForDeploymentPostprocessing = 0;
		};
/* End PBXSourcesBuildPhase section */

/* Begin PBXVariantGroup section */
		54EEDBD826C5ACAF00B78429 /* Main.storyboard */ = {
			isa = PBXVariantGroup;
			children = (
				54EEDBD926C5ACAF00B78429 /* Base */,
			);
			name = Main.storyboard;
			sourceTree = "<group>";
		};
		54EEDBDD26C5ACB200B78429 /* LaunchScreen.storyboard */ = {
			isa = PBXVariantGroup;
			children = (
				54EEDBDE26C5ACB200B78429 /* Base */,
			);
			name = LaunchScreen.storyboard;
			sourceTree = "<group>";
		};
/* End PBXVariantGroup section */

/* Begin XCBuildConfiguration section */
		54EEDBE126C5ACB200B78429 /* Debug */ = {
			isa = XCBuildConfiguration;
			buildSettings = {
				ALWAYS_SEARCH_USER_PATHS = NO;
				CLANG_ANALYZER_NONNULL = YES;
				CLANG_ANALYZER_NUMBER_OBJECT_CONVERSION = YES_AGGRESSIVE;
				CLANG_CXX_LANGUAGE_STANDARD = "gnu++14";
				CLANG_CXX_LIBRARY = "libc++";
				CLANG_ENABLE_MODULES = YES;
				CLANG_ENABLE_OBJC_ARC = YES;
				CLANG_ENABLE_OBJC_WEAK = YES;
				CLANG_WARN_BLOCK_CAPTURE_AUTORELEASING = YES;
				CLANG_WARN_BOOL_CONVERSION = YES;
				CLANG_WARN_COMMA = YES;
				CLANG_WARN_CONSTANT_CONVERSION = YES;
				CLANG_WARN_DEPRECATED_OBJC_IMPLEMENTATIONS = YES;
				CLANG_WARN_DIRECT_OBJC_ISA_USAGE = YES_ERROR;
				CLANG_WARN_DOCUMENTATION_COMMENTS = YES;
				CLANG_WARN_EMPTY_BODY = YES;
				CLANG_WARN_ENUM_CONVERSION = YES;
				CLANG_WARN_INFINITE_RECURSION = YES;
				CLANG_WARN_INT_CONVERSION = YES;
				CLANG_WARN_NON_LITERAL_NULL_CONVERSION = YES;
				CLANG_WARN_OBJC_IMPLICIT_RETAIN_SELF = YES;
				CLANG_WARN_OBJC_LITERAL_CONVERSION = YES;
				CLANG_WARN_OBJC_ROOT_CLASS = YES_ERROR;
				CLANG_WARN_QUOTED_INCLUDE_IN_FRAMEWORK_HEADER = YES;
				CLANG_WARN_RANGE_LOOP_ANALYSIS = YES;
				CLANG_WARN_STRICT_PROTOTYPES = YES;
				CLANG_WARN_SUSPICIOUS_MOVE = YES;
				CLANG_WARN_UNGUARDED_AVAILABILITY = YES_AGGRESSIVE;
				CLANG_WARN_UNREACHABLE_CODE = YES;
				CLANG_WARN__DUPLICATE_METHOD_MATCH = YES;
				COPY_PHASE_STRIP = NO;
				DEBUG_INFORMATION_FORMAT = dwarf;
				ENABLE_STRICT_OBJC_MSGSEND = YES;
				ENABLE_TESTABILITY = YES;
				GCC_C_LANGUAGE_STANDARD = gnu11;
				GCC_DYNAMIC_NO_PIC = NO;
				GCC_NO_COMMON_BLOCKS = YES;
				GCC_OPTIMIZATION_LEVEL = 0;
				GCC_PREPROCESSOR_DEFINITIONS = (
					"DEBUG=1",
					"$(inherited)",
				);
				GCC_WARN_64_TO_32_BIT_CONVERSION = YES;
				GCC_WARN_ABOUT_RETURN_TYPE = YES_ERROR;
				GCC_WARN_UNDECLARED_SELECTOR = YES;
				GCC_WARN_UNINITIALIZED_AUTOS = YES_AGGRESSIVE;
				GCC_WARN_UNUSED_FUNCTION = YES;
				GCC_WARN_UNUSED_VARIABLE = YES;
				IPHONEOS_DEPLOYMENT_TARGET = 14.5;
				MTL_ENABLE_DEBUG_INFO = INCLUDE_SOURCE;
				MTL_FAST_MATH = YES;
				ONLY_ACTIVE_ARCH = YES;
				SDKROOT = iphoneos;
				SWIFT_ACTIVE_COMPILATION_CONDITIONS = DEBUG;
				SWIFT_OPTIMIZATION_LEVEL = "-Onone";
			};
			name = Debug;
		};
		54EEDBE226C5ACB200B78429 /* Release */ = {
			isa = XCBuildConfiguration;
			buildSettings = {
				ALWAYS_SEARCH_USER_PATHS = NO;
				CLANG_ANALYZER_NONNULL = YES;
				CLANG_ANALYZER_NUMBER_OBJECT_CONVERSION = YES_AGGRESSIVE;
				CLANG_CXX_LANGUAGE_STANDARD = "gnu++14";
				CLANG_CXX_LIBRARY = "libc++";
				CLANG_ENABLE_MODULES = YES;
				CLANG_ENABLE_OBJC_ARC = YES;
				CLANG_ENABLE_OBJC_WEAK = YES;
				CLANG_WARN_BLOCK_CAPTURE_AUTORELEASING = YES;
				CLANG_WARN_BOOL_CONVERSION = YES;
				CLANG_WARN_COMMA = YES;
				CLANG_WARN_CONSTANT_CONVERSION = YES;
				CLANG_WARN_DEPRECATED_OBJC_IMPLEMENTATIONS = YES;
				CLANG_WARN_DIRECT_OBJC_ISA_USAGE = YES_ERROR;
				CLANG_WARN_DOCUMENTATION_COMMENTS = YES;
				CLANG_WARN_EMPTY_BODY = YES;
				CLANG_WARN_ENUM_CONVERSION = YES;
				CLANG_WARN_INFINITE_RECURSION = YES;
				CLANG_WARN_INT_CONVERSION = YES;
				CLANG_WARN_NON_LITERAL_NULL_CONVERSION = YES;
				CLANG_WARN_OBJC_IMPLICIT_RETAIN_SELF = YES;
				CLANG_WARN_OBJC_LITERAL_CONVERSION = YES;
				CLANG_WARN_OBJC_ROOT_CLASS = YES_ERROR;
				CLANG_WARN_QUOTED_INCLUDE_IN_FRAMEWORK_HEADER = YES;
				CLANG_WARN_RANGE_LOOP_ANALYSIS = YES;
				CLANG_WARN_STRICT_PROTOTYPES = YES;
				CLANG_WARN_SUSPICIOUS_MOVE = YES;
				CLANG_WARN_UNGUARDED_AVAILABILITY = YES_AGGRESSIVE;
				CLANG_WARN_UNREACHABLE_CODE = YES;
				CLANG_WARN__DUPLICATE_METHOD_MATCH = YES;
				COPY_PHASE_STRIP = NO;
				DEBUG_INFORMATION_FORMAT = "dwarf-with-dsym";
				ENABLE_NS_ASSERTIONS = NO;
				ENABLE_STRICT_OBJC_MSGSEND = YES;
				GCC_C_LANGUAGE_STANDARD = gnu11;
				GCC_NO_COMMON_BLOCKS = YES;
				GCC_WARN_64_TO_32_BIT_CONVERSION = YES;
				GCC_WARN_ABOUT_RETURN_TYPE = YES_ERROR;
				GCC_WARN_UNDECLARED_SELECTOR = YES;
				GCC_WARN_UNINITIALIZED_AUTOS = YES_AGGRESSIVE;
				GCC_WARN_UNUSED_FUNCTION = YES;
				GCC_WARN_UNUSED_VARIABLE = YES;
				IPHONEOS_DEPLOYMENT_TARGET = 14.5;
				MTL_ENABLE_DEBUG_INFO = NO;
				MTL_FAST_MATH = YES;
				SDKROOT = iphoneos;
				SWIFT_COMPILATION_MODE = wholemodule;
				SWIFT_OPTIMIZATION_LEVEL = "-O";
				VALIDATE_PRODUCT = YES;
			};
			name = Release;
		};
		54EEDBE426C5ACB200B78429 /* Debug */ = {
			isa = XCBuildConfiguration;
			buildSettings = {
				ASSETCATALOG_COMPILER_APPICON_NAME = AppIcon;
				ASSETCATALOG_COMPILER_GLOBAL_ACCENT_COLOR_NAME = AccentColor;
				CODE_SIGN_STYLE = Automatic;
				DEVELOPMENT_TEAM = 94LBQ24HMN;
				INFOPLIST_FILE = UsersDisplay/Info.plist;
				LD_RUNPATH_SEARCH_PATHS = (
					"$(inherited)",
					"@executable_path/Frameworks",
				);
				PRODUCT_BUNDLE_IDENTIFIER = com.ix47.UsersDisplay;
				PRODUCT_NAME = "$(TARGET_NAME)";
				SWIFT_VERSION = 5.0;
				TARGETED_DEVICE_FAMILY = "1,2";
			};
			name = Debug;
		};
		54EEDBE526C5ACB200B78429 /* Release */ = {
			isa = XCBuildConfiguration;
			buildSettings = {
				ASSETCATALOG_COMPILER_APPICON_NAME = AppIcon;
				ASSETCATALOG_COMPILER_GLOBAL_ACCENT_COLOR_NAME = AccentColor;
				CODE_SIGN_STYLE = Automatic;
				DEVELOPMENT_TEAM = 94LBQ24HMN;
				INFOPLIST_FILE = UsersDisplay/Info.plist;
				LD_RUNPATH_SEARCH_PATHS = (
					"$(inherited)",
					"@executable_path/Frameworks",
				);
				PRODUCT_BUNDLE_IDENTIFIER = com.ix47.UsersDisplay;
				PRODUCT_NAME = "$(TARGET_NAME)";
				SWIFT_VERSION = 5.0;
				TARGETED_DEVICE_FAMILY = "1,2";
			};
			name = Release;
		};
/* End XCBuildConfiguration section */

/* Begin XCConfigurationList section */
		54EEDBCA26C5ACAF00B78429 /* Build configuration list for PBXProject "UsersDisplay" */ = {
			isa = XCConfigurationList;
			buildConfigurations = (
				54EEDBE126C5ACB200B78429 /* Debug */,
				54EEDBE226C5ACB200B78429 /* Release */,
			);
			defaultConfigurationIsVisible = 0;
			defaultConfigurationName = Release;
		};
		54EEDBE326C5ACB200B78429 /* Build configuration list for PBXNativeTarget "UsersDisplay" */ = {
			isa = XCConfigurationList;
			buildConfigurations = (
				54EEDBE426C5ACB200B78429 /* Debug */,
				54EEDBE526C5ACB200B78429 /* Release */,
			);
			defaultConfigurationIsVisible = 0;
			defaultConfigurationName = Release;
		};
/* End XCConfigurationList section */
	};
	rootObject = 54EEDBC726C5ACAF00B78429 /* Project object */;
}
